
Microsoft Visual Studio Solution File, Format Version 12.00
# Visual Studio Version 16
VisualStudioVersion = 16.0.29326.143
MinimumVisualStudioVersion = 10.0.40219.1
Project("{FAE04EC0-301F-11D3-BF4B-00C04F79EFBC}") = "ServiceClassExample", "ServiceClassExample\ServiceClassExample.csproj", "{6E0B27F3-B956-4051-B3EE-529E83B064CE}"
EndProject
Project("{FAE04EC0-301F-11D3-BF4B-00C04F79EFBC}") = "ServiceClassTests", "ServiceClassTests\ServiceClassTests.csproj", "{17DC0B8A-120E-4B49-8C23-3FD8E5DDDDC7}"
EndProject
Global
	GlobalSection(SolutionConfigurationPlatforms) = preSolution
		Debug|Any CPU = Debug|Any CPU
		Release|Any CPU = Release|Any CPU
	EndGlobalSection
	GlobalSection(ProjectConfigurationPlatforms) = postSolution
		{6E0B27F3-B956-4051-B3EE-529E83B064CE}.Debug|Any CPU.ActiveCfg = Debug|Any CPU
		{6E0B27F3-B956-4051-B3EE-529E83B064CE}.Debug|Any CPU.Build.0 = Debug|Any CPU
		{6E0B27F3-B956-4051-B3EE-529E83B064CE}.Release|Any CPU.ActiveCfg = Release|Any CPU
		{6E0B27F3-B956-4051-B3EE-529E83B064CE}.Release|Any CPU.Build.0 = Release|Any CPU
		{17DC0B8A-120E-4B49-8C23-3FD8E5DDDDC7}.Debug|Any CPU.ActiveCfg = Debug|Any CPU
		{17DC0B8A-120E-4B49-8C23-3FD8E5DDDDC7}.Debug|Any CPU.Build.0 = Debug|Any CPU
		{17DC0B8A-120E-4B49-8C23-3FD8E5DDDDC7}.Release|Any CPU.ActiveCfg = Release|Any CPU
		{17DC0B8A-120E-4B49-8C23-3FD8E5DDDDC7}.Release|Any CPU.Build.0 = Release|Any CPU
	EndGlobalSection
	GlobalSection(SolutionProperties) = preSolution
		HideSolutionNode = FALSE
	EndGlobalSection
	GlobalSection(ExtensibilityGlobals) = postSolution
		SolutionGuid = {ACEC9334-A8F2-44BE-892E-32FDBA1B04BD}
	EndGlobalSection
EndGlobal
